
Microsoft Visual Studio Solution File, Format Version 12.00
# Visual Studio Version 16
VisualStudioVersion = 16.0.32228.343
MinimumVisualStudioVersion = 10.0.40219.1
Project("{FAE04EC0-301F-11D3-BF4B-00C04F79EFBC}") = "tupa_smartusb_test1", "tupa_smartusb_test1.csproj", "{3481B1CF-5DCF-4197-BD55-6EAD32CF11C2}"
EndProject
Global
	GlobalSection(SolutionConfigurationPlatforms) = preSolution
		Debug|Any CPU = Debug|Any CPU
		Release|Any CPU = Release|Any CPU
	EndGlobalSection
	GlobalSection(ProjectConfigurationPlatforms) = postSolution
		{3481B1CF-5DCF-4197-BD55-6EAD32CF11C2}.Debug|Any CPU.ActiveCfg = Debug|Any CPU
		{3481B1CF-5DCF-4197-BD55-6EAD32CF11C2}.Debug|Any CPU.Build.0 = Debug|Any CPU
		{3481B1CF-5DCF-4197-BD55-6EAD32CF11C2}.Release|Any CPU.ActiveCfg = Release|Any CPU
		{3481B1CF-5DCF-4197-BD55-6EAD32CF11C2}.Release|Any CPU.Build.0 = Release|Any CPU
	EndGlobalSection
	GlobalSection(SolutionProperties) = preSolution
		HideSolutionNode = FALSE
	EndGlobalSection
	GlobalSection(ExtensibilityGlobals) = postSolution
		SolutionGuid = {198AA7F3-B26E-444A-80DA-0DB93D8629DF}
	EndGlobalSection
EndGlobal
